
Microsoft Visual Studio Solution File, Format Version 12.00
# Visual Studio Version 16
VisualStudioVersion = 16.0.30517.126
MinimumVisualStudioVersion = 10.0.40219.1
Project("{FAE04EC0-301F-11D3-BF4B-00C04F79EFBC}") = "VisionAPI", "VisionAPI\VisionAPI.csproj", "{6BE3A20E-3379-4BC4-A36F-5644A0C299C3}"
EndProject
Global
	GlobalSection(SolutionConfigurationPlatforms) = preSolution
		Debug|Any CPU = Debug|Any CPU
		Release|Any CPU = Release|Any CPU
	EndGlobalSection
	GlobalSection(ProjectConfigurationPlatforms) = postSolution
		{6BE3A20E-3379-4BC4-A36F-5644A0C299C3}.Debug|Any CPU.ActiveCfg = Debug|Any CPU
		{6BE3A20E-3379-4BC4-A36F-5644A0C299C3}.Debug|Any CPU.Build.0 = Debug|Any CPU
		{6BE3A20E-3379-4BC4-A36F-5644A0C299C3}.Release|Any CPU.ActiveCfg = Release|Any CPU
		{6BE3A20E-3379-4BC4-A36F-5644A0C299C3}.Release|Any CPU.Build.0 = Release|Any CPU
	EndGlobalSection
	GlobalSection(SolutionProperties) = preSolution
		HideSolutionNode = FALSE
	EndGlobalSection
	GlobalSection(ExtensibilityGlobals) = postSolution
		SolutionGuid = {56C9CE6A-4281-43F8-BB39-F7F19E2C21FA}
	EndGlobalSection
EndGlobal
